
Microsoft Visual Studio Solution File, Format Version 12.00
# Visual Studio Version 17
VisualStudioVersion = 17.3.32922.545
MinimumVisualStudioVersion = 10.0.40219.1
Project("{FAE04EC0-301F-11D3-BF4B-00C04F79EFBC}") = "BuildingManager", "BuildingManager.csproj", "{CE4F290D-59A2-427A-8A00-616DBCFD9C6E}"
EndProject
Global
	GlobalSection(SolutionConfigurationPlatforms) = preSolution
		Debug|Any CPU = Debug|Any CPU
		Release|Any CPU = Release|Any CPU
	EndGlobalSection
	GlobalSection(ProjectConfigurationPlatforms) = postSolution
		{CE4F290D-59A2-427A-8A00-616DBCFD9C6E}.Debug|Any CPU.ActiveCfg = Debug|Any CPU
		{CE4F290D-59A2-427A-8A00-616DBCFD9C6E}.Debug|Any CPU.Build.0 = Debug|Any CPU
		{CE4F290D-59A2-427A-8A00-616DBCFD9C6E}.Release|Any CPU.ActiveCfg = Release|Any CPU
		{CE4F290D-59A2-427A-8A00-616DBCFD9C6E}.Release|Any CPU.Build.0 = Release|Any CPU
	EndGlobalSection
	GlobalSection(SolutionProperties) = preSolution
		HideSolutionNode = FALSE
	EndGlobalSection
	GlobalSection(ExtensibilityGlobals) = postSolution
		SolutionGuid = {48F59AB3-EECB-435C-AD34-BA6A2DA07AE6}
	EndGlobalSection
EndGlobal
